{
  "originHash" : "f3d075e2dea342b720ac17441467d492dd7dbc50edd79ba894bd8ca911a353c7",
  "pins" : [
    {
      "identity" : "ios-maps-sdk",
      "kind" : "remoteSourceControl",
      "location" : "https://github.com/googlemaps/ios-maps-sdk",
      "state" : {
        "revision" : "02f8f144ef266da44d50a68d1562ca051bac27cc",
        "version" : "9.4.0"
      }
    },
    {
      "identity" : "onesignal-ios-sdk",
      "kind" : "remoteSourceControl",
      "location" : "https://github.com/OneSignal/OneSignal-iOS-SDK",
      "state" : {
        "revision" : "47972a48f0bf648706e3ec7f8f837d4b3756f69c",
        "version" : "5.2.15"
      }
    }
  ],
  "version" : 3
}
